# THIS IS AN AUTOGENERATED FILE. DO NOT EDIT THIS FILE DIRECTLY.
# yarn lockfile v1


"@babel/polyfill@^7.4.4":
  version "7.8.3"
  resolved "https://registry.npm.taobao.org/@babel/polyfill/download/@babel/polyfill-7.8.3.tgz#2333fc2144a542a7c07da39502ceeeb3abe4debd"
  integrity sha1-IzP8IUSlQqfAfaOVAs7us6vk3r0=
  dependencies:
    core-js "^2.6.5"
    regenerator-runtime "^0.13.2"

"@babel/runtime@^7.5.5":
  version "7.8.4"
  resolved "https://registry.npm.taobao.org/@babel/runtime/download/@babel/runtime-7.8.4.tgz?cache=0&sync_timestamp=1580388897924&other_urls=https%3A%2F%2Fregistry.npm.taobao.org%2F%40babel%2Fruntime%2Fdownload%2F%40babel%2Fruntime-7.8.4.tgz#d79f5a2040f7caa24d53e563aad49cbc05581308"
  integrity sha1-159aIED3yqJNU+VjqtScvAVYEwg=
  dependencies:
    regenerator-runtime "^0.13.2"

"@zeit/ncc@^0.21.1":
  version "0.21.1"
  resolved "https://registry.npm.taobao.org/@zeit/ncc/download/@zeit/ncc-0.21.1.tgz#44fd4359c54ba34a018a5ccf7a315489db20a733"
  integrity sha1-RP1DWcVLo0oBilzPejFUidsgpzM=

binary@^0.3.0:
  version "0.3.0"
  resolved "https://registry.npm.taobao.org/binary/download/binary-0.3.0.tgz#9f60553bc5ce8c3386f3b553cff47462adecaa79"
  integrity sha1-n2BVO8XOjDOG87VTz/R0Yq3sqnk=
  dependencies:
    buffers "~0.1.1"
    chainsaw "~0.1.0"

buffers@~0.1.1:
  version "0.1.1"
  resolved "https://registry.npm.taobao.org/buffers/download/buffers-0.1.1.tgz#b24579c3bed4d6d396aeee6d9a8ae7f5482ab7bb"
  integrity sha1-skV5w77U1tOWru5tmorn9Ugqt7s=

chainsaw@~0.1.0:
  version "0.1.0"
  resolved "https://registry.npm.taobao.org/chainsaw/download/chainsaw-0.1.0.tgz#5eab50b28afe58074d0d58291388828b5e5fbc98"
  integrity sha1-XqtQsor+WAdNDVgpE4iCi15fvJg=
  dependencies:
    traverse ">=0.3.0 <0.4"

core-js@^2.6.5:
  version "2.6.11"
  resolved "https://registry.npm.taobao.org/core-js/download/core-js-2.6.11.tgz?cache=0&sync_timestamp=1578957241717&other_urls=https%3A%2F%2Fregistry.npm.taobao.org%2Fcore-js%2Fdownload%2Fcore-js-2.6.11.tgz#38831469f9922bded8ee21c9dc46985e0399308c"
  integrity sha1-OIMUafmSK97Y7iHJ3EaYXgOZMIw=

put@0.0.6:
  version "0.0.6"
  resolved "https://registry.npm.taobao.org/put/download/put-0.0.6.tgz#30f5f60bd6e4389bd329e16a25386cbb2e4a00a3"
  integrity sha1-MPX2C9bkOJvTKeFqJThsuy5KAKM=

regenerator-runtime@^0.13.2:
  version "0.13.3"
  resolved "https://registry.npm.taobao.org/regenerator-runtime/download/regenerator-runtime-0.13.3.tgz#7cf6a77d8f5c6f60eb73c5fc1955b2ceb01e6bf5"
  integrity sha1-fPanfY9cb2Drc8X8GVWyzrAea/U=

simple-socks@^1.0.3:
  version "1.0.3"
  resolved "https://registry.npm.taobao.org/simple-socks/download/simple-socks-1.0.3.tgz#acef6afb459e215b0594b3e0feaeb9d1bae74e99"
  integrity sha1-rO9q+0WeIVsFlLPg/q650brnTpk=
  dependencies:
    "@babel/polyfill" "^7.4.4"
    "@babel/runtime" "^7.5.5"
    binary "^0.3.0"
    put "0.0.6"

"traverse@>=0.3.0 <0.4":
  version "0.3.9"
  resolved "https://registry.npm.taobao.org/traverse/download/traverse-0.3.9.tgz#717b8f220cc0bb7b44e40514c22b2e8bbc70d8b9"
  integrity sha1-cXuPIgzAu3tE5AUUwisui7xw2Lk=
